// !$*UTF8*$!
{
	archiveVersion = 1;
	classes = {
	};
	objectVersion = 46;
	objects = {

/* Begin PBXBuildFile section */
		06E3F9261CED8EE6009672E3 /* AppDelegate.swift in Sources */ = {isa = PBXBuildFile; fileRef = 06E3F9251CED8EE6009672E3 /* AppDelegate.swift */; };
		06E3F9281CED8EE6009672E3 /* ViewController.swift in Sources */ = {isa = PBXBuildFile; fileRef = 06E3F9271CED8EE6009672E3 /* ViewController.swift */; };
		06E3F92B1CED8EE6009672E3 /* Main.storyboard in Resources */ = {isa = PBXBuildFile; fileRef = 06E3F9291CED8EE6009672E3 /* Main.storyboard */; };
		06E3F92D1CED8EE6009672E3 /* Assets.xcassets in Resources */ = {isa = PBXBuildFile; fileRef = 06E3F92C1CED8EE6009672E3 /* Assets.xcassets */; };
		06E3F9301CED8EE6009672E3 /* LaunchScreen.storyboard in Resources */ = {isa = PBXBuildFile; fileRef = 06E3F92E1CED8EE6009672E3 /* LaunchScreen.storyboard */; };
		06E3F93B1CED8EE6009672E3 /* _5_dayTests.swift in Sources */ = {isa = PBXBuildFile; fileRef = 06E3F93A1CED8EE6009672E3 /* _5_dayTests.swift */; };
		06E3F9461CED8EE6009672E3 /* _5_dayUITests.swift in Sources */ = {isa = PBXBuildFile; fileRef = 06E3F9451CED8EE6009672E3 /* _5_dayUITests.swift */; };
/* End PBXBuildFile section */

/* Begin PBXContainerItemProxy section */
		06E3F9371CED8EE6009672E3 /* PBXContainerItemProxy */ = {
			isa = PBXContainerItemProxy;
			containerPortal = 06E3F91A1CED8EE6009672E3 /* Project object */;
			proxyType = 1;
			remoteGlobalIDString = 06E3F9211CED8EE6009672E3;
			remoteInfo = "25-day";
		};
		06E3F9421CED8EE6009672E3 /* PBXContainerItemProxy */ = {
			isa = PBXContainerItemProxy;
			containerPortal = 06E3F91A1CED8EE6009672E3 /* Project object */;
			proxyType = 1;
			remoteGlobalIDString = 06E3F9211CED8EE6009672E3;
			remoteInfo = "25-day";
		};
/* End PBXContainerItemProxy section */

/* Begin PBXFileReference section */
		06E3F9221CED8EE6009672E3 /* 25-day.app */ = {isa = PBXFileReference; explicitFileType = wrapper.application; includeInIndex = 0; path = "25-day.app"; sourceTree = BUILT_PRODUCTS_DIR; };
		06E3F9251CED8EE6009672E3 /* AppDelegate.swift */ = {isa = PBXFileReference; lastKnownFileType = sourcecode.swift; path = AppDelegate.swift; sourceTree = "<group>"; };
		06E3F9271CED8EE6009672E3 /* ViewController.swift */ = {isa = PBXFileReference; lastKnownFileType = sourcecode.swift; path = ViewController.swift; sourceTree = "<group>"; };
		06E3F92A1CED8EE6009672E3 /* Base */ = {isa = PBXFileReference; lastKnownFileType = file.storyboard; name = Base; path = Base.lproj/Main.storyboard; sourceTree = "<group>"; };
		06E3F92C1CED8EE6009672E3 /* Assets.xcassets */ = {isa = PBXFileReference; lastKnownFileType = folder.assetcatalog; path = Assets.xcassets; sourceTree = "<group>"; };
		06E3F92F1CED8EE6009672E3 /* Base */ = {isa = PBXFileReference; lastKnownFileType = file.storyboard; name = Base; path = Base.lproj/LaunchScreen.storyboard; sourceTree = "<group>"; };
		06E3F9311CED8EE6009672E3 /* Info.plist */ = {isa = PBXFileReference; lastKnownFileType = text.plist.xml; path = Info.plist; sourceTree = "<group>"; };
		06E3F9361CED8EE6009672E3 /* 25-dayTests.xctest */ = {isa = PBXFileReference; explicitFileType = wrapper.cfbundle; includeInIndex = 0; path = "25-dayTests.xctest"; sourceTree = BUILT_PRODUCTS_DIR; };
		06E3F93A1CED8EE6009672E3 /* _5_dayTests.swift */ = {isa = PBXFileReference; lastKnownFileType = sourcecode.swift; path = _5_dayTests.swift; sourceTree = "<group>"; };
		06E3F93C1CED8EE6009672E3 /* Info.plist */ = {isa = PBXFileReference; lastKnownFileType = text.plist.xml; path = Info.plist; sourceTree = "<group>"; };
		06E3F9411CED8EE6009672E3 /* 25-dayUITests.xctest */ = {isa = PBXFileReference; explicitFileType = wrapper.cfbundle; includeInIndex = 0; path = "25-dayUITests.xctest"; sourceTree = BUILT_PRODUCTS_DIR; };
		06E3F9451CED8EE6009672E3 /* _5_dayUITests.swift */ = {isa = PBXFileReference; lastKnownFileType = sourcecode.swift; path = _5_dayUITests.swift; sourceTree = "<group>"; };
		06E3F9471CED8EE6009672E3 /* Info.plist */ = {isa = PBXFileReference; lastKnownFileType = text.plist.xml; path = Info.plist; sourceTree = "<group>"; };
/* End PBXFileReference section */

/* Begin PBXFrameworksBuildPhase section */
		06E3F91F1CED8EE6009672E3 /* Frameworks */ = {
			isa = PBXFrameworksBuildPhase;
			buildActionMask = 2147483647;
			files = (
			);
			runOnlyForDeploymentPostprocessing = 0;
		};
		06E3F9331CED8EE6009672E3 /* Frameworks */ = {
			isa = PBXFrameworksBuildPhase;
			buildActionMask = 2147483647;
			files = (
			);
			runOnlyForDeploymentPostprocessing = 0;
		};
		06E3F93E1CED8EE6009672E3 /* Frameworks */ = {
			isa = PBXFrameworksBuildPhase;
			buildActionMask = 2147483647;
			files = (
			);
			runOnlyForDeploymentPostprocessing = 0;
		};
/* End PBXFrameworksBuildPhase section */

/* Begin PBXGroup section */
		06E3F9191CED8EE6009672E3 = {
			isa = PBXGroup;
			children = (
				06E3F9241CED8EE6009672E3 /* 25-day */,
				06E3F9391CED8EE6009672E3 /* 25-dayTests */,
				06E3F9441CED8EE6009672E3 /* 25-dayUITests */,
				06E3F9231CED8EE6009672E3 /* Products */,
			);
			sourceTree = "<group>";
		};
		06E3F9231CED8EE6009672E3 /* Products */ = {
			isa = PBXGroup;
			children = (
				06E3F9221CED8EE6009672E3 /* 25-day.app */,
				06E3F9361CED8EE6009672E3 /* 25-dayTests.xctest */,
				06E3F9411CED8EE6009672E3 /* 25-dayUITests.xctest */,
			);
			name = Products;
			sourceTree = "<group>";
		};
		06E3F9241CED8EE6009672E3 /* 25-day */ = {
			isa = PBXGroup;
			children = (
				06E3F9251CED8EE6009672E3 /* AppDelegate.swift */,
				06E3F9271CED8EE6009672E3 /* ViewController.swift */,
				06E3F9291CED8EE6009672E3 /* Main.storyboard */,
				06E3F92C1CED8EE6009672E3 /* Assets.xcassets */,
				06E3F92E1CED8EE6009672E3 /* LaunchScreen.storyboard */,
				06E3F9311CED8EE6009672E3 /* Info.plist */,
			);
			path = "25-day";
			sourceTree = "<group>";
		};
		06E3F9391CED8EE6009672E3 /* 25-dayTests */ = {
			isa = PBXGroup;
			children = (
				06E3F93A1CED8EE6009672E3 /* _5_dayTests.swift */,
				06E3F93C1CED8EE6009672E3 /* Info.plist */,
			);
			path = "25-dayTests";
			sourceTree = "<group>";
		};
		06E3F9441CED8EE6009672E3 /* 25-dayUITests */ = {
			isa = PBXGroup;
			children = (
				06E3F9451CED8EE6009672E3 /* _5_dayUITests.swift */,
				06E3F9471CED8EE6009672E3 /* Info.plist */,
			);
			path = "25-dayUITests";
			sourceTree = "<group>";
		};
/* End PBXGroup section */

/* Begin PBXNativeTarget section */
		06E3F9211CED8EE6009672E3 /* 25-day */ = {
			isa = PBXNativeTarget;
			buildConfigurationList = 06E3F94A1CED8EE6009672E3 /* Build configuration list for PBXNativeTarget "25-day" */;
			buildPhases = (
				06E3F91E1CED8EE6009672E3 /* Sources */,
				06E3F91F1CED8EE6009672E3 /* Frameworks */,
				06E3F9201CED8EE6009672E3 /* Resources */,
			);
			buildRules = (
			);
			dependencies = (
			);
			name = "25-day";
			productName = "25-day";
			productReference = 06E3F9221CED8EE6009672E3 /* 25-day.app */;
			productType = "com.apple.product-type.application";
		};
		06E3F9351CED8EE6009672E3 /* 25-dayTests */ = {
			isa = PBXNativeTarget;
			buildConfigurationList = 06E3F94D1CED8EE6009672E3 /* Build configuration list for PBXNativeTarget "25-dayTests" */;
			buildPhases = (
				06E3F9321CED8EE6009672E3 /* Sources */,
				06E3F9331CED8EE6009672E3 /* Frameworks */,
				06E3F9341CED8EE6009672E3 /* Resources */,
			);
			buildRules = (
			);
			dependencies = (
				06E3F9381CED8EE6009672E3 /* PBXTargetDependency */,
			);
			name = "25-dayTests";
			productName = "25-dayTests";
			productReference = 06E3F9361CED8EE6009672E3 /* 25-dayTests.xctest */;
			productType = "com.apple.product-type.bundle.unit-test";
		};
		06E3F9401CED8EE6009672E3 /* 25-dayUITests */ = {
			isa = PBXNativeTarget;
			buildConfigurationList = 06E3F9501CED8EE6009672E3 /* Build configuration list for PBXNativeTarget "25-dayUITests" */;
			buildPhases = (
				06E3F93D1CED8EE6009672E3 /* Sources */,
				06E3F93E1CED8EE6009672E3 /* Frameworks */,
				06E3F93F1CED8EE6009672E3 /* Resources */,
			);
			buildRules = (
			);
			dependencies = (
				06E3F9431CED8EE6009672E3 /* PBXTargetDependency */,
			);
			name = "25-dayUITests";
			productName = "25-dayUITests";
			productReference = 06E3F9411CED8EE6009672E3 /* 25-dayUITests.xctest */;
			productType = "com.apple.product-type.bundle.ui-testing";
		};
/* End PBXNativeTarget section */

/* Begin PBXProject section */
		06E3F91A1CED8EE6009672E3 /* Project object */ = {
			isa = PBXProject;
			attributes = {
				LastSwiftUpdateCheck = 0730;
				LastUpgradeCheck = 0730;
				ORGANIZATIONNAME = Frank;
				TargetAttributes = {
					06E3F9211CED8EE6009672E3 = {
						CreatedOnToolsVersion = 7.3;
						DevelopmentTeam = L2528U33FA;
					};
					06E3F9351CED8EE6009672E3 = {
						CreatedOnToolsVersion = 7.3;
						DevelopmentTeam = L2528U33FA;
						TestTargetID = 06E3F9211CED8EE6009672E3;
					};
					06E3F9401CED8EE6009672E3 = {
						CreatedOnToolsVersion = 7.3;
						DevelopmentTeam = L2528U33FA;
						TestTargetID = 06E3F9211CED8EE6009672E3;
					};
				};
			};
			buildConfigurationList = 06E3F91D1CED8EE6009672E3 /* Build configuration list for PBXProject "25-day" */;
			compatibilityVersion = "Xcode 3.2";
			developmentRegion = English;
			hasScannedForEncodings = 0;
			knownRegions = (
				en,
				Base,
			);
			mainGroup = 06E3F9191CED8EE6009672E3;
			productRefGroup = 06E3F9231CED8EE6009672E3 /* Products */;
			projectDirPath = "";
			projectRoot = "";
			targets = (
				06E3F9211CED8EE6009672E3 /* 25-day */,
				06E3F9351CED8EE6009672E3 /* 25-dayTests */,
				06E3F9401CED8EE6009672E3 /* 25-dayUITests */,
			);
		};
/* End PBXProject section */

/* Begin PBXResourcesBuildPhase section */
		06E3F9201CED8EE6009672E3 /* Resources */ = {
			isa = PBXResourcesBuildPhase;
			buildActionMask = 2147483647;
			files = (
				06E3F9301CED8EE6009672E3 /* LaunchScreen.storyboard in Resources */,
				06E3F92D1CED8EE6009672E3 /* Assets.xcassets in Resources */,
				06E3F92B1CED8EE6009672E3 /* Main.storyboard in Resources */,
			);
			runOnlyForDeploymentPostprocessing = 0;
		};
		06E3F9341CED8EE6009672E3 /* Resources */ = {
			isa = PBXResourcesBuildPhase;
			buildActionMask = 2147483647;
			files = (
			);
			runOnlyForDeploymentPostprocessing = 0;
		};
		06E3F93F1CED8EE6009672E3 /* Resources */ = {
			isa = PBXResourcesBuildPhase;
			buildActionMask = 2147483647;
			files = (
			);
			runOnlyForDeploymentPostprocessing = 0;
		};
/* End PBXResourcesBuildPhase section */

/* Begin PBXSourcesBuildPhase section */
		06E3F91E1CED8EE6009672E3 /* Sources */ = {
			isa = PBXSourcesBuildPhase;
			buildActionMask = 2147483647;
			files = (
				06E3F9281CED8EE6009672E3 /* ViewController.swift in Sources */,
				06E3F9261CED8EE6009672E3 /* AppDelegate.swift in Sources */,
			);
			runOnlyForDeploymentPostprocessing = 0;
		};
		06E3F9321CED8EE6009672E3 /* Sources */ = {
			isa = PBXSourcesBuildPhase;
			buildActionMask = 2147483647;
			files = (
				06E3F93B1CED8EE6009672E3 /* _5_dayTests.swift in Sources */,
			);
			runOnlyForDeploymentPostprocessing = 0;
		};
		06E3F93D1CED8EE6009672E3 /* Sources */ = {
			isa = PBXSourcesBuildPhase;
			buildActionMask = 2147483647;
			files = (
				06E3F9461CED8EE6009672E3 /* _5_dayUITests.swift in Sources */,
			);
			runOnlyForDeploymentPostprocessing = 0;
		};
/* End PBXSourcesBuildPhase section */

/* Begin PBXTargetDependency section */
		06E3F9381CED8EE6009672E3 /* PBXTargetDependency */ = {
			isa = PBXTargetDependency;
			target = 06E3F9211CED8EE6009672E3 /* 25-day */;
			targetProxy = 06E3F9371CED8EE6009672E3 /* PBXContainerItemProxy */;
		};
		06E3F9431CED8EE6009672E3 /* PBXTargetDependency */ = {
			isa = PBXTargetDependency;
			target = 06E3F9211CED8EE6009672E3 /* 25-day */;
			targetProxy = 06E3F9421CED8EE6009672E3 /* PBXContainerItemProxy */;
		};
/* End PBXTargetDependency section */

/* Begin PBXVariantGroup section */
		06E3F9291CED8EE6009672E3 /* Main.storyboard */ = {
			isa = PBXVariantGroup;
			children = (
				06E3F92A1CED8EE6009672E3 /* Base */,
			);
			name = Main.storyboard;
			sourceTree = "<group>";
		};
		06E3F92E1CED8EE6009672E3 /* LaunchScreen.storyboard */ = {
			isa = PBXVariantGroup;
			children = (
				06E3F92F1CED8EE6009672E3 /* Base */,
			);
			name = LaunchScreen.storyboard;
			sourceTree = "<group>";
		};
/* End PBXVariantGroup section */

/* Begin XCBuildConfiguration section */
		06E3F9481CED8EE6009672E3 /* Debug */ = {
			isa = XCBuildConfiguration;
			buildSettings = {
				ALWAYS_SEARCH_USER_PATHS = NO;
				CLANG_ANALYZER_NONNULL = YES;
				CLANG_CXX_LANGUAGE_STANDARD = "gnu++0x";
				CLANG_CXX_LIBRARY = "libc++";
				CLANG_ENABLE_MODULES = YES;
				CLANG_ENABLE_OBJC_ARC = YES;
				CLANG_WARN_BOOL_CONVERSION = YES;
				CLANG_WARN_CONSTANT_CONVERSION = YES;
				CLANG_WARN_DIRECT_OBJC_ISA_USAGE = YES_ERROR;
				CLANG_WARN_EMPTY_BODY = YES;
				CLANG_WARN_ENUM_CONVERSION = YES;
				CLANG_WARN_INT_CONVERSION = YES;
				CLANG_WARN_OBJC_ROOT_CLASS = YES_ERROR;
				CLANG_WARN_UNREACHABLE_CODE = YES;
				CLANG_WARN__DUPLICATE_METHOD_MATCH = YES;
				"CODE_SIGN_IDENTITY[sdk=iphoneos*]" = "iPhone Developer";
				COPY_PHASE_STRIP = NO;
				DEBUG_INFORMATION_FORMAT = dwarf;
				ENABLE_STRICT_OBJC_MSGSEND = YES;
				ENABLE_TESTABILITY = YES;
				GCC_C_LANGUAGE_STANDARD = gnu99;
				GCC_DYNAMIC_NO_PIC = NO;
				GCC_NO_COMMON_BLOCKS = YES;
				GCC_OPTIMIZATION_LEVEL = 0;
				GCC_PREPROCESSOR_DEFINITIONS = (
					"DEBUG=1",
					"$(inherited)",
				);
				GCC_WARN_64_TO_32_BIT_CONVERSION = YES;
				GCC_WARN_ABOUT_RETURN_TYPE = YES_ERROR;
				GCC_WARN_UNDECLARED_SELECTOR = YES;
				GCC_WARN_UNINITIALIZED_AUTOS = YES_AGGRESSIVE;
				GCC_WARN_UNUSED_FUNCTION = YES;
				GCC_WARN_UNUSED_VARIABLE = YES;
				IPHONEOS_DEPLOYMENT_TARGET = 9.3;
				MTL_ENABLE_DEBUG_INFO = YES;
				ONLY_ACTIVE_ARCH = YES;
				SDKROOT = iphoneos;
				SWIFT_OPTIMIZATION_LEVEL = "-Onone";
			};
			name = Debug;
		};
		06E3F9491CED8EE6009672E3 /* Release */ = {
			isa = XCBuildConfiguration;
			buildSettings = {
				ALWAYS_SEARCH_USER_PATHS = NO;
				CLANG_ANALYZER_NONNULL = YES;
				CLANG_CXX_LANGUAGE_STANDARD = "gnu++0x";
				CLANG_CXX_LIBRARY = "libc++";
				CLANG_ENABLE_MODULES = YES;
				CLANG_ENABLE_OBJC_ARC = YES;
				CLANG_WARN_BOOL_CONVERSION = YES;
				CLANG_WARN_CONSTANT_CONVERSION = YES;
				CLANG_WARN_DIRECT_OBJC_ISA_USAGE = YES_ERROR;
				CLANG_WARN_EMPTY_BODY = YES;
				CLANG_WARN_ENUM_CONVERSION = YES;
				CLANG_WARN_INT_CONVERSION = YES;
				CLANG_WARN_OBJC_ROOT_CLASS = YES_ERROR;
				CLANG_WARN_UNREACHABLE_CODE = YES;
				CLANG_WARN__DUPLICATE_METHOD_MATCH = YES;
				"CODE_SIGN_IDENTITY[sdk=iphoneos*]" = "iPhone Developer";
				COPY_PHASE_STRIP = NO;
				DEBUG_INFORMATION_FORMAT = "dwarf-with-dsym";
				ENABLE_NS_ASSERTIONS = NO;
				ENABLE_STRICT_OBJC_MSGSEND = YES;
				GCC_C_LANGUAGE_STANDARD = gnu99;
				GCC_NO_COMMON_BLOCKS = YES;
				GCC_WARN_64_TO_32_BIT_CONVERSION = YES;
				GCC_WARN_ABOUT_RETURN_TYPE = YES_ERROR;
				GCC_WARN_UNDECLARED_SELECTOR = YES;
				GCC_WARN_UNINITIALIZED_AUTOS = YES_AGGRESSIVE;
				GCC_WARN_UNUSED_FUNCTION = YES;
				GCC_WARN_UNUSED_VARIABLE = YES;
				IPHONEOS_DEPLOYMENT_TARGET = 9.3;
				MTL_ENABLE_DEBUG_INFO = NO;
				SDKROOT = iphoneos;
				VALIDATE_PRODUCT = YES;
			};
			name = Release;
		};
		06E3F94B1CED8EE6009672E3 /* Debug */ = {
			isa = XCBuildConfiguration;
			buildSettings = {
				ASSETCATALOG_COMPILER_APPICON_NAME = AppIcon;
				INFOPLIST_FILE = "25-day/Info.plist";
				LD_RUNPATH_SEARCH_PATHS = "$(inherited) @executable_path/Frameworks";
				PRODUCT_BUNDLE_IDENTIFIER = "im.youyu.-5-day";
				PRODUCT_NAME = "$(TARGET_NAME)";
			};
			name = Debug;
		};
		06E3F94C1CED8EE6009672E3 /* Release */ = {
			isa = XCBuildConfiguration;
			buildSettings = {
				ASSETCATALOG_COMPILER_APPICON_NAME = AppIcon;
				INFOPLIST_FILE = "25-day/Info.plist";
				LD_RUNPATH_SEARCH_PATHS = "$(inherited) @executable_path/Frameworks";
				PRODUCT_BUNDLE_IDENTIFIER = "im.youyu.-5-day";
				PRODUCT_NAME = "$(TARGET_NAME)";
			};
			name = Release;
		};
		06E3F94E1CED8EE6009672E3 /* Debug */ = {
			isa = XCBuildConfiguration;
			buildSettings = {
				BUNDLE_LOADER = "$(TEST_HOST)";
				INFOPLIST_FILE = "25-dayTests/Info.plist";
				LD_RUNPATH_SEARCH_PATHS = "$(inherited) @executable_path/Frameworks @loader_path/Frameworks";
				PRODUCT_BUNDLE_IDENTIFIER = "im.youyu.-5-dayTests";
				PRODUCT_NAME = "$(TARGET_NAME)";
				TEST_HOST = "$(BUILT_PRODUCTS_DIR)/25-day.app/25-day";
			};
			name = Debug;
		};
		06E3F94F1CED8EE6009672E3 /* Release */ = {
			isa = XCBuildConfiguration;
			buildSettings = {
				BUNDLE_LOADER = "$(TEST_HOST)";
				INFOPLIST_FILE = "25-dayTests/Info.plist";
				LD_RUNPATH_SEARCH_PATHS = "$(inherited) @executable_path/Frameworks @loader_path/Frameworks";
				PRODUCT_BUNDLE_IDENTIFIER = "im.youyu.-5-dayTests";
				PRODUCT_NAME = "$(TARGET_NAME)";
				TEST_HOST = "$(BUILT_PRODUCTS_DIR)/25-day.app/25-day";
			};
			name = Release;
		};
		06E3F9511CED8EE6009672E3 /* Debug */ = {
			isa = XCBuildConfiguration;
			buildSettings = {
				INFOPLIST_FILE = "25-dayUITests/Info.plist";
				LD_RUNPATH_SEARCH_PATHS = "$(inherited) @executable_path/Frameworks @loader_path/Frameworks";
				PRODUCT_BUNDLE_IDENTIFIER = "im.youyu.-5-dayUITests";
				PRODUCT_NAME = "$(TARGET_NAME)";
				TEST_TARGET_NAME = "25-day";
			};
			name = Debug;
		};
		06E3F9521CED8EE6009672E3 /* Release */ = {
			isa = XCBuildConfiguration;
			buildSettings = {
				INFOPLIST_FILE = "25-dayUITests/Info.plist";
				LD_RUNPATH_SEARCH_PATHS = "$(inherited) @executable_path/Frameworks @loader_path/Frameworks";
				PRODUCT_BUNDLE_IDENTIFIER = "im.youyu.-5-dayUITests";
				PRODUCT_NAME = "$(TARGET_NAME)";
				TEST_TARGET_NAME = "25-day";
			};
			name = Release;
		};
/* End XCBuildConfiguration section */

/* Begin XCConfigurationList section */
		06E3F91D1CED8EE6009672E3 /* Build configuration list for PBXProject "25-day" */ = {
			isa = XCConfigurationList;
			buildConfigurations = (
				06E3F9481CED8EE6009672E3 /* Debug */,
				06E3F9491CED8EE6009672E3 /* Release */,
			);
			defaultConfigurationIsVisible = 0;
			defaultConfigurationName = Release;
		};
		06E3F94A1CED8EE6009672E3 /* Build configuration list for PBXNativeTarget "25-day" */ = {
			isa = XCConfigurationList;
			buildConfigurations = (
				06E3F94B1CED8EE6009672E3 /* Debug */,
				06E3F94C1CED8EE6009672E3 /* Release */,
			);
			defaultConfigurationIsVisible = 0;
		};
		06E3F94D1CED8EE6009672E3 /* Build configuration list for PBXNativeTarget "25-dayTests" */ = {
			isa = XCConfigurationList;
			buildConfigurations = (
				06E3F94E1CED8EE6009672E3 /* Debug */,
				06E3F94F1CED8EE6009672E3 /* Release */,
			);
			defaultConfigurationIsVisible = 0;
		};
		06E3F9501CED8EE6009672E3 /* Build configuration list for PBXNativeTarget "25-dayUITests" */ = {
			isa = XCConfigurationList;
			buildConfigurations = (
				06E3F9511CED8EE6009672E3 /* Debug */,
				06E3F9521CED8EE6009672E3 /* Release */,
			);
			defaultConfigurationIsVisible = 0;
		};
/* End XCConfigurationList section */
	};
	rootObject = 06E3F91A1CED8EE6009672E3 /* Project object */;
}
