// !$*UTF8*$!
{
	archiveVersion = 1;
	classes = {
	};
	objectVersion = 46;
	objects = {

/* Begin PBXBuildFile section */
		066653E11CBF2D2B0095A68B /* AppDelegate.swift in Sources */ = {isa = PBXBuildFile; fileRef = 066653E01CBF2D2B0095A68B /* AppDelegate.swift */; };
		066653E31CBF2D2B0095A68B /* ViewController.swift in Sources */ = {isa = PBXBuildFile; fileRef = 066653E21CBF2D2B0095A68B /* ViewController.swift */; };
		066653E61CBF2D2B0095A68B /* Main.storyboard in Resources */ = {isa = PBXBuildFile; fileRef = 066653E41CBF2D2B0095A68B /* Main.storyboard */; };
		066653E81CBF2D2B0095A68B /* Assets.xcassets in Resources */ = {isa = PBXBuildFile; fileRef = 066653E71CBF2D2B0095A68B /* Assets.xcassets */; };
		066653EB1CBF2D2B0095A68B /* LaunchScreen.storyboard in Resources */ = {isa = PBXBuildFile; fileRef = 066653E91CBF2D2B0095A68B /* LaunchScreen.storyboard */; };
		066653F61CBF2D2B0095A68B /* _5_dayTests.swift in Sources */ = {isa = PBXBuildFile; fileRef = 066653F51CBF2D2B0095A68B /* _5_dayTests.swift */; };
		066654011CBF2D2B0095A68B /* _5_dayUITests.swift in Sources */ = {isa = PBXBuildFile; fileRef = 066654001CBF2D2B0095A68B /* _5_dayUITests.swift */; };
/* End PBXBuildFile section */

/* Begin PBXContainerItemProxy section */
		066653F21CBF2D2B0095A68B /* PBXContainerItemProxy */ = {
			isa = PBXContainerItemProxy;
			containerPortal = 066653D51CBF2D2B0095A68B /* Project object */;
			proxyType = 1;
			remoteGlobalIDString = 066653DC1CBF2D2B0095A68B;
			remoteInfo = "15-day";
		};
		066653FD1CBF2D2B0095A68B /* PBXContainerItemProxy */ = {
			isa = PBXContainerItemProxy;
			containerPortal = 066653D51CBF2D2B0095A68B /* Project object */;
			proxyType = 1;
			remoteGlobalIDString = 066653DC1CBF2D2B0095A68B;
			remoteInfo = "15-day";
		};
/* End PBXContainerItemProxy section */

/* Begin PBXFileReference section */
		066653DD1CBF2D2B0095A68B /* 15-day.app */ = {isa = PBXFileReference; explicitFileType = wrapper.application; includeInIndex = 0; path = "15-day.app"; sourceTree = BUILT_PRODUCTS_DIR; };
		066653E01CBF2D2B0095A68B /* AppDelegate.swift */ = {isa = PBXFileReference; lastKnownFileType = sourcecode.swift; path = AppDelegate.swift; sourceTree = "<group>"; };
		066653E21CBF2D2B0095A68B /* ViewController.swift */ = {isa = PBXFileReference; lastKnownFileType = sourcecode.swift; path = ViewController.swift; sourceTree = "<group>"; };
		066653E51CBF2D2B0095A68B /* Base */ = {isa = PBXFileReference; lastKnownFileType = file.storyboard; name = Base; path = Base.lproj/Main.storyboard; sourceTree = "<group>"; };
		066653E71CBF2D2B0095A68B /* Assets.xcassets */ = {isa = PBXFileReference; lastKnownFileType = folder.assetcatalog; path = Assets.xcassets; sourceTree = "<group>"; };
		066653EA1CBF2D2B0095A68B /* Base */ = {isa = PBXFileReference; lastKnownFileType = file.storyboard; name = Base; path = Base.lproj/LaunchScreen.storyboard; sourceTree = "<group>"; };
		066653EC1CBF2D2B0095A68B /* Info.plist */ = {isa = PBXFileReference; lastKnownFileType = text.plist.xml; path = Info.plist; sourceTree = "<group>"; };
		066653F11CBF2D2B0095A68B /* 15-dayTests.xctest */ = {isa = PBXFileReference; explicitFileType = wrapper.cfbundle; includeInIndex = 0; path = "15-dayTests.xctest"; sourceTree = BUILT_PRODUCTS_DIR; };
		066653F51CBF2D2B0095A68B /* _5_dayTests.swift */ = {isa = PBXFileReference; lastKnownFileType = sourcecode.swift; path = _5_dayTests.swift; sourceTree = "<group>"; };
		066653F71CBF2D2B0095A68B /* Info.plist */ = {isa = PBXFileReference; lastKnownFileType = text.plist.xml; path = Info.plist; sourceTree = "<group>"; };
		066653FC1CBF2D2B0095A68B /* 15-dayUITests.xctest */ = {isa = PBXFileReference; explicitFileType = wrapper.cfbundle; includeInIndex = 0; path = "15-dayUITests.xctest"; sourceTree = BUILT_PRODUCTS_DIR; };
		066654001CBF2D2B0095A68B /* _5_dayUITests.swift */ = {isa = PBXFileReference; lastKnownFileType = sourcecode.swift; path = _5_dayUITests.swift; sourceTree = "<group>"; };
		066654021CBF2D2B0095A68B /* Info.plist */ = {isa = PBXFileReference; lastKnownFileType = text.plist.xml; path = Info.plist; sourceTree = "<group>"; };
/* End PBXFileReference section */

/* Begin PBXFrameworksBuildPhase section */
		066653DA1CBF2D2B0095A68B /* Frameworks */ = {
			isa = PBXFrameworksBuildPhase;
			buildActionMask = 2147483647;
			files = (
			);
			runOnlyForDeploymentPostprocessing = 0;
		};
		066653EE1CBF2D2B0095A68B /* Frameworks */ = {
			isa = PBXFrameworksBuildPhase;
			buildActionMask = 2147483647;
			files = (
			);
			runOnlyForDeploymentPostprocessing = 0;
		};
		066653F91CBF2D2B0095A68B /* Frameworks */ = {
			isa = PBXFrameworksBuildPhase;
			buildActionMask = 2147483647;
			files = (
			);
			runOnlyForDeploymentPostprocessing = 0;
		};
/* End PBXFrameworksBuildPhase section */

/* Begin PBXGroup section */
		066653D41CBF2D2B0095A68B = {
			isa = PBXGroup;
			children = (
				066653DF1CBF2D2B0095A68B /* 15-day */,
				066653F41CBF2D2B0095A68B /* 15-dayTests */,
				066653FF1CBF2D2B0095A68B /* 15-dayUITests */,
				066653DE1CBF2D2B0095A68B /* Products */,
			);
			sourceTree = "<group>";
		};
		066653DE1CBF2D2B0095A68B /* Products */ = {
			isa = PBXGroup;
			children = (
				066653DD1CBF2D2B0095A68B /* 15-day.app */,
				066653F11CBF2D2B0095A68B /* 15-dayTests.xctest */,
				066653FC1CBF2D2B0095A68B /* 15-dayUITests.xctest */,
			);
			name = Products;
			sourceTree = "<group>";
		};
		066653DF1CBF2D2B0095A68B /* 15-day */ = {
			isa = PBXGroup;
			children = (
				066653E01CBF2D2B0095A68B /* AppDelegate.swift */,
				066653E21CBF2D2B0095A68B /* ViewController.swift */,
				066653E41CBF2D2B0095A68B /* Main.storyboard */,
				066653E71CBF2D2B0095A68B /* Assets.xcassets */,
				066653E91CBF2D2B0095A68B /* LaunchScreen.storyboard */,
				066653EC1CBF2D2B0095A68B /* Info.plist */,
			);
			path = "15-day";
			sourceTree = "<group>";
		};
		066653F41CBF2D2B0095A68B /* 15-dayTests */ = {
			isa = PBXGroup;
			children = (
				066653F51CBF2D2B0095A68B /* _5_dayTests.swift */,
				066653F71CBF2D2B0095A68B /* Info.plist */,
			);
			path = "15-dayTests";
			sourceTree = "<group>";
		};
		066653FF1CBF2D2B0095A68B /* 15-dayUITests */ = {
			isa = PBXGroup;
			children = (
				066654001CBF2D2B0095A68B /* _5_dayUITests.swift */,
				066654021CBF2D2B0095A68B /* Info.plist */,
			);
			path = "15-dayUITests";
			sourceTree = "<group>";
		};
/* End PBXGroup section */

/* Begin PBXNativeTarget section */
		066653DC1CBF2D2B0095A68B /* 15-day */ = {
			isa = PBXNativeTarget;
			buildConfigurationList = 066654051CBF2D2B0095A68B /* Build configuration list for PBXNativeTarget "15-day" */;
			buildPhases = (
				066653D91CBF2D2B0095A68B /* Sources */,
				066653DA1CBF2D2B0095A68B /* Frameworks */,
				066653DB1CBF2D2B0095A68B /* Resources */,
			);
			buildRules = (
			);
			dependencies = (
			);
			name = "15-day";
			productName = "15-day";
			productReference = 066653DD1CBF2D2B0095A68B /* 15-day.app */;
			productType = "com.apple.product-type.application";
		};
		066653F01CBF2D2B0095A68B /* 15-dayTests */ = {
			isa = PBXNativeTarget;
			buildConfigurationList = 066654081CBF2D2B0095A68B /* Build configuration list for PBXNativeTarget "15-dayTests" */;
			buildPhases = (
				066653ED1CBF2D2B0095A68B /* Sources */,
				066653EE1CBF2D2B0095A68B /* Frameworks */,
				066653EF1CBF2D2B0095A68B /* Resources */,
			);
			buildRules = (
			);
			dependencies = (
				066653F31CBF2D2B0095A68B /* PBXTargetDependency */,
			);
			name = "15-dayTests";
			productName = "15-dayTests";
			productReference = 066653F11CBF2D2B0095A68B /* 15-dayTests.xctest */;
			productType = "com.apple.product-type.bundle.unit-test";
		};
		066653FB1CBF2D2B0095A68B /* 15-dayUITests */ = {
			isa = PBXNativeTarget;
			buildConfigurationList = 0666540B1CBF2D2B0095A68B /* Build configuration list for PBXNativeTarget "15-dayUITests" */;
			buildPhases = (
				066653F81CBF2D2B0095A68B /* Sources */,
				066653F91CBF2D2B0095A68B /* Frameworks */,
				066653FA1CBF2D2B0095A68B /* Resources */,
			);
			buildRules = (
			);
			dependencies = (
				066653FE1CBF2D2B0095A68B /* PBXTargetDependency */,
			);
			name = "15-dayUITests";
			productName = "15-dayUITests";
			productReference = 066653FC1CBF2D2B0095A68B /* 15-dayUITests.xctest */;
			productType = "com.apple.product-type.bundle.ui-testing";
		};
/* End PBXNativeTarget section */

/* Begin PBXProject section */
		066653D51CBF2D2B0095A68B /* Project object */ = {
			isa = PBXProject;
			attributes = {
				LastSwiftUpdateCheck = 0730;
				LastUpgradeCheck = 0730;
				ORGANIZATIONNAME = Frank;
				TargetAttributes = {
					066653DC1CBF2D2B0095A68B = {
						CreatedOnToolsVersion = 7.3;
						DevelopmentTeam = L2528U33FA;
					};
					066653F01CBF2D2B0095A68B = {
						CreatedOnToolsVersion = 7.3;
						DevelopmentTeam = L2528U33FA;
						TestTargetID = 066653DC1CBF2D2B0095A68B;
					};
					066653FB1CBF2D2B0095A68B = {
						CreatedOnToolsVersion = 7.3;
						DevelopmentTeam = L2528U33FA;
						TestTargetID = 066653DC1CBF2D2B0095A68B;
					};
				};
			};
			buildConfigurationList = 066653D81CBF2D2B0095A68B /* Build configuration list for PBXProject "15-day" */;
			compatibilityVersion = "Xcode 3.2";
			developmentRegion = English;
			hasScannedForEncodings = 0;
			knownRegions = (
				en,
				Base,
			);
			mainGroup = 066653D41CBF2D2B0095A68B;
			productRefGroup = 066653DE1CBF2D2B0095A68B /* Products */;
			projectDirPath = "";
			projectRoot = "";
			targets = (
				066653DC1CBF2D2B0095A68B /* 15-day */,
				066653F01CBF2D2B0095A68B /* 15-dayTests */,
				066653FB1CBF2D2B0095A68B /* 15-dayUITests */,
			);
		};
/* End PBXProject section */

/* Begin PBXResourcesBuildPhase section */
		066653DB1CBF2D2B0095A68B /* Resources */ = {
			isa = PBXResourcesBuildPhase;
			buildActionMask = 2147483647;
			files = (
				066653EB1CBF2D2B0095A68B /* LaunchScreen.storyboard in Resources */,
				066653E81CBF2D2B0095A68B /* Assets.xcassets in Resources */,
				066653E61CBF2D2B0095A68B /* Main.storyboard in Resources */,
			);
			runOnlyForDeploymentPostprocessing = 0;
		};
		066653EF1CBF2D2B0095A68B /* Resources */ = {
			isa = PBXResourcesBuildPhase;
			buildActionMask = 2147483647;
			files = (
			);
			runOnlyForDeploymentPostprocessing = 0;
		};
		066653FA1CBF2D2B0095A68B /* Resources */ = {
			isa = PBXResourcesBuildPhase;
			buildActionMask = 2147483647;
			files = (
			);
			runOnlyForDeploymentPostprocessing = 0;
		};
/* End PBXResourcesBuildPhase section */

/* Begin PBXSourcesBuildPhase section */
		066653D91CBF2D2B0095A68B /* Sources */ = {
			isa = PBXSourcesBuildPhase;
			buildActionMask = 2147483647;
			files = (
				066653E31CBF2D2B0095A68B /* ViewController.swift in Sources */,
				066653E11CBF2D2B0095A68B /* AppDelegate.swift in Sources */,
			);
			runOnlyForDeploymentPostprocessing = 0;
		};
		066653ED1CBF2D2B0095A68B /* Sources */ = {
			isa = PBXSourcesBuildPhase;
			buildActionMask = 2147483647;
			files = (
				066653F61CBF2D2B0095A68B /* _5_dayTests.swift in Sources */,
			);
			runOnlyForDeploymentPostprocessing = 0;
		};
		066653F81CBF2D2B0095A68B /* Sources */ = {
			isa = PBXSourcesBuildPhase;
			buildActionMask = 2147483647;
			files = (
				066654011CBF2D2B0095A68B /* _5_dayUITests.swift in Sources */,
			);
			runOnlyForDeploymentPostprocessing = 0;
		};
/* End PBXSourcesBuildPhase section */

/* Begin PBXTargetDependency section */
		066653F31CBF2D2B0095A68B /* PBXTargetDependency */ = {
			isa = PBXTargetDependency;
			target = 066653DC1CBF2D2B0095A68B /* 15-day */;
			targetProxy = 066653F21CBF2D2B0095A68B /* PBXContainerItemProxy */;
		};
		066653FE1CBF2D2B0095A68B /* PBXTargetDependency */ = {
			isa = PBXTargetDependency;
			target = 066653DC1CBF2D2B0095A68B /* 15-day */;
			targetProxy = 066653FD1CBF2D2B0095A68B /* PBXContainerItemProxy */;
		};
/* End PBXTargetDependency section */

/* Begin PBXVariantGroup section */
		066653E41CBF2D2B0095A68B /* Main.storyboard */ = {
			isa = PBXVariantGroup;
			children = (
				066653E51CBF2D2B0095A68B /* Base */,
			);
			name = Main.storyboard;
			sourceTree = "<group>";
		};
		066653E91CBF2D2B0095A68B /* LaunchScreen.storyboard */ = {
			isa = PBXVariantGroup;
			children = (
				066653EA1CBF2D2B0095A68B /* Base */,
			);
			name = LaunchScreen.storyboard;
			sourceTree = "<group>";
		};
/* End PBXVariantGroup section */

/* Begin XCBuildConfiguration section */
		066654031CBF2D2B0095A68B /* Debug */ = {
			isa = XCBuildConfiguration;
			buildSettings = {
				ALWAYS_SEARCH_USER_PATHS = NO;
				CLANG_ANALYZER_NONNULL = YES;
				CLANG_CXX_LANGUAGE_STANDARD = "gnu++0x";
				CLANG_CXX_LIBRARY = "libc++";
				CLANG_ENABLE_MODULES = YES;
				CLANG_ENABLE_OBJC_ARC = YES;
				CLANG_WARN_BOOL_CONVERSION = YES;
				CLANG_WARN_CONSTANT_CONVERSION = YES;
				CLANG_WARN_DIRECT_OBJC_ISA_USAGE = YES_ERROR;
				CLANG_WARN_EMPTY_BODY = YES;
				CLANG_WARN_ENUM_CONVERSION = YES;
				CLANG_WARN_INT_CONVERSION = YES;
				CLANG_WARN_OBJC_ROOT_CLASS = YES_ERROR;
				CLANG_WARN_UNREACHABLE_CODE = YES;
				CLANG_WARN__DUPLICATE_METHOD_MATCH = YES;
				"CODE_SIGN_IDENTITY[sdk=iphoneos*]" = "iPhone Developer";
				COPY_PHASE_STRIP = NO;
				DEBUG_INFORMATION_FORMAT = dwarf;
				ENABLE_STRICT_OBJC_MSGSEND = YES;
				ENABLE_TESTABILITY = YES;
				GCC_C_LANGUAGE_STANDARD = gnu99;
				GCC_DYNAMIC_NO_PIC = NO;
				GCC_NO_COMMON_BLOCKS = YES;
				GCC_OPTIMIZATION_LEVEL = 0;
				GCC_PREPROCESSOR_DEFINITIONS = (
					"DEBUG=1",
					"$(inherited)",
				);
				GCC_WARN_64_TO_32_BIT_CONVERSION = YES;
				GCC_WARN_ABOUT_RETURN_TYPE = YES_ERROR;
				GCC_WARN_UNDECLARED_SELECTOR = YES;
				GCC_WARN_UNINITIALIZED_AUTOS = YES_AGGRESSIVE;
				GCC_WARN_UNUSED_FUNCTION = YES;
				GCC_WARN_UNUSED_VARIABLE = YES;
				IPHONEOS_DEPLOYMENT_TARGET = 9.3;
				MTL_ENABLE_DEBUG_INFO = YES;
				ONLY_ACTIVE_ARCH = YES;
				SDKROOT = iphoneos;
				SWIFT_OPTIMIZATION_LEVEL = "-Onone";
			};
			name = Debug;
		};
		066654041CBF2D2B0095A68B /* Release */ = {
			isa = XCBuildConfiguration;
			buildSettings = {
				ALWAYS_SEARCH_USER_PATHS = NO;
				CLANG_ANALYZER_NONNULL = YES;
				CLANG_CXX_LANGUAGE_STANDARD = "gnu++0x";
				CLANG_CXX_LIBRARY = "libc++";
				CLANG_ENABLE_MODULES = YES;
				CLANG_ENABLE_OBJC_ARC = YES;
				CLANG_WARN_BOOL_CONVERSION = YES;
				CLANG_WARN_CONSTANT_CONVERSION = YES;
				CLANG_WARN_DIRECT_OBJC_ISA_USAGE = YES_ERROR;
				CLANG_WARN_EMPTY_BODY = YES;
				CLANG_WARN_ENUM_CONVERSION = YES;
				CLANG_WARN_INT_CONVERSION = YES;
				CLANG_WARN_OBJC_ROOT_CLASS = YES_ERROR;
				CLANG_WARN_UNREACHABLE_CODE = YES;
				CLANG_WARN__DUPLICATE_METHOD_MATCH = YES;
				"CODE_SIGN_IDENTITY[sdk=iphoneos*]" = "iPhone Developer";
				COPY_PHASE_STRIP = NO;
				DEBUG_INFORMATION_FORMAT = "dwarf-with-dsym";
				ENABLE_NS_ASSERTIONS = NO;
				ENABLE_STRICT_OBJC_MSGSEND = YES;
				GCC_C_LANGUAGE_STANDARD = gnu99;
				GCC_NO_COMMON_BLOCKS = YES;
				GCC_WARN_64_TO_32_BIT_CONVERSION = YES;
				GCC_WARN_ABOUT_RETURN_TYPE = YES_ERROR;
				GCC_WARN_UNDECLARED_SELECTOR = YES;
				GCC_WARN_UNINITIALIZED_AUTOS = YES_AGGRESSIVE;
				GCC_WARN_UNUSED_FUNCTION = YES;
				GCC_WARN_UNUSED_VARIABLE = YES;
				IPHONEOS_DEPLOYMENT_TARGET = 9.3;
				MTL_ENABLE_DEBUG_INFO = NO;
				SDKROOT = iphoneos;
				VALIDATE_PRODUCT = YES;
			};
			name = Release;
		};
		066654061CBF2D2B0095A68B /* Debug */ = {
			isa = XCBuildConfiguration;
			buildSettings = {
				ASSETCATALOG_COMPILER_APPICON_NAME = AppIcon;
				INFOPLIST_FILE = "15-day/Info.plist";
				LD_RUNPATH_SEARCH_PATHS = "$(inherited) @executable_path/Frameworks";
				PRODUCT_BUNDLE_IDENTIFIER = "im.youyu.-5-day";
				PRODUCT_NAME = "$(TARGET_NAME)";
			};
			name = Debug;
		};
		066654071CBF2D2B0095A68B /* Release */ = {
			isa = XCBuildConfiguration;
			buildSettings = {
				ASSETCATALOG_COMPILER_APPICON_NAME = AppIcon;
				INFOPLIST_FILE = "15-day/Info.plist";
				LD_RUNPATH_SEARCH_PATHS = "$(inherited) @executable_path/Frameworks";
				PRODUCT_BUNDLE_IDENTIFIER = "im.youyu.-5-day";
				PRODUCT_NAME = "$(TARGET_NAME)";
			};
			name = Release;
		};
		066654091CBF2D2B0095A68B /* Debug */ = {
			isa = XCBuildConfiguration;
			buildSettings = {
				BUNDLE_LOADER = "$(TEST_HOST)";
				INFOPLIST_FILE = "15-dayTests/Info.plist";
				LD_RUNPATH_SEARCH_PATHS = "$(inherited) @executable_path/Frameworks @loader_path/Frameworks";
				PRODUCT_BUNDLE_IDENTIFIER = "im.youyu.-5-dayTests";
				PRODUCT_NAME = "$(TARGET_NAME)";
				TEST_HOST = "$(BUILT_PRODUCTS_DIR)/15-day.app/15-day";
			};
			name = Debug;
		};
		0666540A1CBF2D2B0095A68B /* Release */ = {
			isa = XCBuildConfiguration;
			buildSettings = {
				BUNDLE_LOADER = "$(TEST_HOST)";
				INFOPLIST_FILE = "15-dayTests/Info.plist";
				LD_RUNPATH_SEARCH_PATHS = "$(inherited) @executable_path/Frameworks @loader_path/Frameworks";
				PRODUCT_BUNDLE_IDENTIFIER = "im.youyu.-5-dayTests";
				PRODUCT_NAME = "$(TARGET_NAME)";
				TEST_HOST = "$(BUILT_PRODUCTS_DIR)/15-day.app/15-day";
			};
			name = Release;
		};
		0666540C1CBF2D2B0095A68B /* Debug */ = {
			isa = XCBuildConfiguration;
			buildSettings = {
				INFOPLIST_FILE = "15-dayUITests/Info.plist";
				LD_RUNPATH_SEARCH_PATHS = "$(inherited) @executable_path/Frameworks @loader_path/Frameworks";
				PRODUCT_BUNDLE_IDENTIFIER = "im.youyu.-5-dayUITests";
				PRODUCT_NAME = "$(TARGET_NAME)";
				TEST_TARGET_NAME = "15-day";
			};
			name = Debug;
		};
		0666540D1CBF2D2B0095A68B /* Release */ = {
			isa = XCBuildConfiguration;
			buildSettings = {
				INFOPLIST_FILE = "15-dayUITests/Info.plist";
				LD_RUNPATH_SEARCH_PATHS = "$(inherited) @executable_path/Frameworks @loader_path/Frameworks";
				PRODUCT_BUNDLE_IDENTIFIER = "im.youyu.-5-dayUITests";
				PRODUCT_NAME = "$(TARGET_NAME)";
				TEST_TARGET_NAME = "15-day";
			};
			name = Release;
		};
/* End XCBuildConfiguration section */

/* Begin XCConfigurationList section */
		066653D81CBF2D2B0095A68B /* Build configuration list for PBXProject "15-day" */ = {
			isa = XCConfigurationList;
			buildConfigurations = (
				066654031CBF2D2B0095A68B /* Debug */,
				066654041CBF2D2B0095A68B /* Release */,
			);
			defaultConfigurationIsVisible = 0;
			defaultConfigurationName = Release;
		};
		066654051CBF2D2B0095A68B /* Build configuration list for PBXNativeTarget "15-day" */ = {
			isa = XCConfigurationList;
			buildConfigurations = (
				066654061CBF2D2B0095A68B /* Debug */,
				066654071CBF2D2B0095A68B /* Release */,
			);
			defaultConfigurationIsVisible = 0;
		};
		066654081CBF2D2B0095A68B /* Build configuration list for PBXNativeTarget "15-dayTests" */ = {
			isa = XCConfigurationList;
			buildConfigurations = (
				066654091CBF2D2B0095A68B /* Debug */,
				0666540A1CBF2D2B0095A68B /* Release */,
			);
			defaultConfigurationIsVisible = 0;
		};
		0666540B1CBF2D2B0095A68B /* Build configuration list for PBXNativeTarget "15-dayUITests" */ = {
			isa = XCConfigurationList;
			buildConfigurations = (
				0666540C1CBF2D2B0095A68B /* Debug */,
				0666540D1CBF2D2B0095A68B /* Release */,
			);
			defaultConfigurationIsVisible = 0;
		};
/* End XCConfigurationList section */
	};
	rootObject = 066653D51CBF2D2B0095A68B /* Project object */;
}
