// !$*UTF8*$!
{
	archiveVersion = 1;
	classes = {
	};
	objectVersion = 46;
	objects = {

/* Begin PBXBuildFile section */
		015740DC1CBD28F200D6473A /* ContractsViewController.swift in Sources */ = {isa = PBXBuildFile; fileRef = 015740DB1CBD28F200D6473A /* ContractsViewController.swift */; };
		015740DE1CBD2DF100D6473A /* AddViewController.swift in Sources */ = {isa = PBXBuildFile; fileRef = 015740DD1CBD2DF100D6473A /* AddViewController.swift */; };
		015740E01CBD346300D6473A /* ContactModel.swift in Sources */ = {isa = PBXBuildFile; fileRef = 015740DF1CBD346300D6473A /* ContactModel.swift */; };
		015740E21CBD497D00D6473A /* TableViewController.swift in Sources */ = {isa = PBXBuildFile; fileRef = 015740E11CBD497D00D6473A /* TableViewController.swift */; };
		065869B31CBCC35800D1A6BD /* AppDelegate.swift in Sources */ = {isa = PBXBuildFile; fileRef = 065869B21CBCC35800D1A6BD /* AppDelegate.swift */; };
		065869B51CBCC35800D1A6BD /* ViewController.swift in Sources */ = {isa = PBXBuildFile; fileRef = 065869B41CBCC35800D1A6BD /* ViewController.swift */; };
		065869B81CBCC35800D1A6BD /* Main.storyboard in Resources */ = {isa = PBXBuildFile; fileRef = 065869B61CBCC35800D1A6BD /* Main.storyboard */; };
		065869BA1CBCC35800D1A6BD /* Assets.xcassets in Resources */ = {isa = PBXBuildFile; fileRef = 065869B91CBCC35800D1A6BD /* Assets.xcassets */; };
		065869BD1CBCC35800D1A6BD /* LaunchScreen.storyboard in Resources */ = {isa = PBXBuildFile; fileRef = 065869BB1CBCC35800D1A6BD /* LaunchScreen.storyboard */; };
		065869C81CBCC35800D1A6BD /* _6_dayTests.swift in Sources */ = {isa = PBXBuildFile; fileRef = 065869C71CBCC35800D1A6BD /* _6_dayTests.swift */; };
		065869D31CBCC35800D1A6BD /* _6_dayUITests.swift in Sources */ = {isa = PBXBuildFile; fileRef = 065869D21CBCC35800D1A6BD /* _6_dayUITests.swift */; };
		065869E31CBD041500D1A6BD /* MBProgressHUD.m in Sources */ = {isa = PBXBuildFile; fileRef = 065869E21CBD041500D1A6BD /* MBProgressHUD.m */; };
		06CC003C1CBDDE8D005E6F54 /* EditViewController.swift in Sources */ = {isa = PBXBuildFile; fileRef = 06CC003B1CBDDE8D005E6F54 /* EditViewController.swift */; };
/* End PBXBuildFile section */

/* Begin PBXContainerItemProxy section */
		065869C41CBCC35800D1A6BD /* PBXContainerItemProxy */ = {
			isa = PBXContainerItemProxy;
			containerPortal = 065869A71CBCC35800D1A6BD /* Project object */;
			proxyType = 1;
			remoteGlobalIDString = 065869AE1CBCC35800D1A6BD;
			remoteInfo = "16-day";
		};
		065869CF1CBCC35800D1A6BD /* PBXContainerItemProxy */ = {
			isa = PBXContainerItemProxy;
			containerPortal = 065869A71CBCC35800D1A6BD /* Project object */;
			proxyType = 1;
			remoteGlobalIDString = 065869AE1CBCC35800D1A6BD;
			remoteInfo = "16-day";
		};
/* End PBXContainerItemProxy section */

/* Begin PBXFileReference section */
		015740DB1CBD28F200D6473A /* ContractsViewController.swift */ = {isa = PBXFileReference; fileEncoding = 4; lastKnownFileType = sourcecode.swift; path = ContractsViewController.swift; sourceTree = "<group>"; };
		015740DD1CBD2DF100D6473A /* AddViewController.swift */ = {isa = PBXFileReference; fileEncoding = 4; lastKnownFileType = sourcecode.swift; path = AddViewController.swift; sourceTree = "<group>"; };
		015740DF1CBD346300D6473A /* ContactModel.swift */ = {isa = PBXFileReference; fileEncoding = 4; lastKnownFileType = sourcecode.swift; path = ContactModel.swift; sourceTree = "<group>"; };
		015740E11CBD497D00D6473A /* TableViewController.swift */ = {isa = PBXFileReference; fileEncoding = 4; lastKnownFileType = sourcecode.swift; path = TableViewController.swift; sourceTree = "<group>"; };
		065869AF1CBCC35800D1A6BD /* 16-day.app */ = {isa = PBXFileReference; explicitFileType = wrapper.application; includeInIndex = 0; path = "16-day.app"; sourceTree = BUILT_PRODUCTS_DIR; };
		065869B21CBCC35800D1A6BD /* AppDelegate.swift */ = {isa = PBXFileReference; lastKnownFileType = sourcecode.swift; path = AppDelegate.swift; sourceTree = "<group>"; };
		065869B41CBCC35800D1A6BD /* ViewController.swift */ = {isa = PBXFileReference; lastKnownFileType = sourcecode.swift; path = ViewController.swift; sourceTree = "<group>"; };
		065869B71CBCC35800D1A6BD /* Base */ = {isa = PBXFileReference; lastKnownFileType = file.storyboard; name = Base; path = Base.lproj/Main.storyboard; sourceTree = "<group>"; };
		065869B91CBCC35800D1A6BD /* Assets.xcassets */ = {isa = PBXFileReference; lastKnownFileType = folder.assetcatalog; path = Assets.xcassets; sourceTree = "<group>"; };
		065869BC1CBCC35800D1A6BD /* Base */ = {isa = PBXFileReference; lastKnownFileType = file.storyboard; name = Base; path = Base.lproj/LaunchScreen.storyboard; sourceTree = "<group>"; };
		065869BE1CBCC35800D1A6BD /* Info.plist */ = {isa = PBXFileReference; lastKnownFileType = text.plist.xml; path = Info.plist; sourceTree = "<group>"; };
		065869C31CBCC35800D1A6BD /* 16-dayTests.xctest */ = {isa = PBXFileReference; explicitFileType = wrapper.cfbundle; includeInIndex = 0; path = "16-dayTests.xctest"; sourceTree = BUILT_PRODUCTS_DIR; };
		065869C71CBCC35800D1A6BD /* _6_dayTests.swift */ = {isa = PBXFileReference; lastKnownFileType = sourcecode.swift; path = _6_dayTests.swift; sourceTree = "<group>"; };
		065869C91CBCC35800D1A6BD /* Info.plist */ = {isa = PBXFileReference; lastKnownFileType = text.plist.xml; path = Info.plist; sourceTree = "<group>"; };
		065869CE1CBCC35800D1A6BD /* 16-dayUITests.xctest */ = {isa = PBXFileReference; explicitFileType = wrapper.cfbundle; includeInIndex = 0; path = "16-dayUITests.xctest"; sourceTree = BUILT_PRODUCTS_DIR; };
		065869D21CBCC35800D1A6BD /* _6_dayUITests.swift */ = {isa = PBXFileReference; lastKnownFileType = sourcecode.swift; path = _6_dayUITests.swift; sourceTree = "<group>"; };
		065869D41CBCC35800D1A6BD /* Info.plist */ = {isa = PBXFileReference; lastKnownFileType = text.plist.xml; path = Info.plist; sourceTree = "<group>"; };
		065869E01CBD041500D1A6BD /* 16-day-Bridging-Header.h */ = {isa = PBXFileReference; lastKnownFileType = sourcecode.c.h; path = "16-day-Bridging-Header.h"; sourceTree = "<group>"; };
		065869E11CBD041500D1A6BD /* MBProgressHUD.h */ = {isa = PBXFileReference; fileEncoding = 4; lastKnownFileType = sourcecode.c.h; path = MBProgressHUD.h; sourceTree = "<group>"; };
		065869E21CBD041500D1A6BD /* MBProgressHUD.m */ = {isa = PBXFileReference; fileEncoding = 4; lastKnownFileType = sourcecode.c.objc; path = MBProgressHUD.m; sourceTree = "<group>"; };
		06CC003B1CBDDE8D005E6F54 /* EditViewController.swift */ = {isa = PBXFileReference; fileEncoding = 4; lastKnownFileType = sourcecode.swift; path = EditViewController.swift; sourceTree = "<group>"; };
/* End PBXFileReference section */

/* Begin PBXFrameworksBuildPhase section */
		065869AC1CBCC35800D1A6BD /* Frameworks */ = {
			isa = PBXFrameworksBuildPhase;
			buildActionMask = 2147483647;
			files = (
			);
			runOnlyForDeploymentPostprocessing = 0;
		};
		065869C01CBCC35800D1A6BD /* Frameworks */ = {
			isa = PBXFrameworksBuildPhase;
			buildActionMask = 2147483647;
			files = (
			);
			runOnlyForDeploymentPostprocessing = 0;
		};
		065869CB1CBCC35800D1A6BD /* Frameworks */ = {
			isa = PBXFrameworksBuildPhase;
			buildActionMask = 2147483647;
			files = (
			);
			runOnlyForDeploymentPostprocessing = 0;
		};
/* End PBXFrameworksBuildPhase section */

/* Begin PBXGroup section */
		065869A61CBCC35700D1A6BD = {
			isa = PBXGroup;
			children = (
				065869B11CBCC35800D1A6BD /* 16-day */,
				065869C61CBCC35800D1A6BD /* 16-dayTests */,
				065869D11CBCC35800D1A6BD /* 16-dayUITests */,
				065869B01CBCC35800D1A6BD /* Products */,
			);
			sourceTree = "<group>";
		};
		065869B01CBCC35800D1A6BD /* Products */ = {
			isa = PBXGroup;
			children = (
				065869AF1CBCC35800D1A6BD /* 16-day.app */,
				065869C31CBCC35800D1A6BD /* 16-dayTests.xctest */,
				065869CE1CBCC35800D1A6BD /* 16-dayUITests.xctest */,
			);
			name = Products;
			sourceTree = "<group>";
		};
		065869B11CBCC35800D1A6BD /* 16-day */ = {
			isa = PBXGroup;
			children = (
				065869E11CBD041500D1A6BD /* MBProgressHUD.h */,
				065869E21CBD041500D1A6BD /* MBProgressHUD.m */,
				065869B21CBCC35800D1A6BD /* AppDelegate.swift */,
				065869B41CBCC35800D1A6BD /* ViewController.swift */,
				015740DB1CBD28F200D6473A /* ContractsViewController.swift */,
				015740DD1CBD2DF100D6473A /* AddViewController.swift */,
				015740E11CBD497D00D6473A /* TableViewController.swift */,
				06CC003B1CBDDE8D005E6F54 /* EditViewController.swift */,
				065869B61CBCC35800D1A6BD /* Main.storyboard */,
				065869B91CBCC35800D1A6BD /* Assets.xcassets */,
				065869BB1CBCC35800D1A6BD /* LaunchScreen.storyboard */,
				065869BE1CBCC35800D1A6BD /* Info.plist */,
				065869E01CBD041500D1A6BD /* 16-day-Bridging-Header.h */,
				015740DF1CBD346300D6473A /* ContactModel.swift */,
			);
			path = "16-day";
			sourceTree = "<group>";
		};
		065869C61CBCC35800D1A6BD /* 16-dayTests */ = {
			isa = PBXGroup;
			children = (
				065869C71CBCC35800D1A6BD /* _6_dayTests.swift */,
				065869C91CBCC35800D1A6BD /* Info.plist */,
			);
			path = "16-dayTests";
			sourceTree = "<group>";
		};
		065869D11CBCC35800D1A6BD /* 16-dayUITests */ = {
			isa = PBXGroup;
			children = (
				065869D21CBCC35800D1A6BD /* _6_dayUITests.swift */,
				065869D41CBCC35800D1A6BD /* Info.plist */,
			);
			path = "16-dayUITests";
			sourceTree = "<group>";
		};
/* End PBXGroup section */

/* Begin PBXNativeTarget section */
		065869AE1CBCC35800D1A6BD /* 16-day */ = {
			isa = PBXNativeTarget;
			buildConfigurationList = 065869D71CBCC35800D1A6BD /* Build configuration list for PBXNativeTarget "16-day" */;
			buildPhases = (
				065869AB1CBCC35800D1A6BD /* Sources */,
				065869AC1CBCC35800D1A6BD /* Frameworks */,
				065869AD1CBCC35800D1A6BD /* Resources */,
			);
			buildRules = (
			);
			dependencies = (
			);
			name = "16-day";
			productName = "16-day";
			productReference = 065869AF1CBCC35800D1A6BD /* 16-day.app */;
			productType = "com.apple.product-type.application";
		};
		065869C21CBCC35800D1A6BD /* 16-dayTests */ = {
			isa = PBXNativeTarget;
			buildConfigurationList = 065869DA1CBCC35800D1A6BD /* Build configuration list for PBXNativeTarget "16-dayTests" */;
			buildPhases = (
				065869BF1CBCC35800D1A6BD /* Sources */,
				065869C01CBCC35800D1A6BD /* Frameworks */,
				065869C11CBCC35800D1A6BD /* Resources */,
			);
			buildRules = (
			);
			dependencies = (
				065869C51CBCC35800D1A6BD /* PBXTargetDependency */,
			);
			name = "16-dayTests";
			productName = "16-dayTests";
			productReference = 065869C31CBCC35800D1A6BD /* 16-dayTests.xctest */;
			productType = "com.apple.product-type.bundle.unit-test";
		};
		065869CD1CBCC35800D1A6BD /* 16-dayUITests */ = {
			isa = PBXNativeTarget;
			buildConfigurationList = 065869DD1CBCC35800D1A6BD /* Build configuration list for PBXNativeTarget "16-dayUITests" */;
			buildPhases = (
				065869CA1CBCC35800D1A6BD /* Sources */,
				065869CB1CBCC35800D1A6BD /* Frameworks */,
				065869CC1CBCC35800D1A6BD /* Resources */,
			);
			buildRules = (
			);
			dependencies = (
				065869D01CBCC35800D1A6BD /* PBXTargetDependency */,
			);
			name = "16-dayUITests";
			productName = "16-dayUITests";
			productReference = 065869CE1CBCC35800D1A6BD /* 16-dayUITests.xctest */;
			productType = "com.apple.product-type.bundle.ui-testing";
		};
/* End PBXNativeTarget section */

/* Begin PBXProject section */
		065869A71CBCC35800D1A6BD /* Project object */ = {
			isa = PBXProject;
			attributes = {
				LastSwiftUpdateCheck = 0730;
				LastUpgradeCheck = 0730;
				ORGANIZATIONNAME = Frank;
				TargetAttributes = {
					065869AE1CBCC35800D1A6BD = {
						CreatedOnToolsVersion = 7.3;
						DevelopmentTeam = L2528U33FA;
					};
					065869C21CBCC35800D1A6BD = {
						CreatedOnToolsVersion = 7.3;
						DevelopmentTeam = L2528U33FA;
						TestTargetID = 065869AE1CBCC35800D1A6BD;
					};
					065869CD1CBCC35800D1A6BD = {
						CreatedOnToolsVersion = 7.3;
						DevelopmentTeam = L2528U33FA;
						TestTargetID = 065869AE1CBCC35800D1A6BD;
					};
				};
			};
			buildConfigurationList = 065869AA1CBCC35800D1A6BD /* Build configuration list for PBXProject "16-day" */;
			compatibilityVersion = "Xcode 3.2";
			developmentRegion = English;
			hasScannedForEncodings = 0;
			knownRegions = (
				en,
				Base,
			);
			mainGroup = 065869A61CBCC35700D1A6BD;
			productRefGroup = 065869B01CBCC35800D1A6BD /* Products */;
			projectDirPath = "";
			projectRoot = "";
			targets = (
				065869AE1CBCC35800D1A6BD /* 16-day */,
				065869C21CBCC35800D1A6BD /* 16-dayTests */,
				065869CD1CBCC35800D1A6BD /* 16-dayUITests */,
			);
		};
/* End PBXProject section */

/* Begin PBXResourcesBuildPhase section */
		065869AD1CBCC35800D1A6BD /* Resources */ = {
			isa = PBXResourcesBuildPhase;
			buildActionMask = 2147483647;
			files = (
				065869BD1CBCC35800D1A6BD /* LaunchScreen.storyboard in Resources */,
				065869BA1CBCC35800D1A6BD /* Assets.xcassets in Resources */,
				065869B81CBCC35800D1A6BD /* Main.storyboard in Resources */,
			);
			runOnlyForDeploymentPostprocessing = 0;
		};
		065869C11CBCC35800D1A6BD /* Resources */ = {
			isa = PBXResourcesBuildPhase;
			buildActionMask = 2147483647;
			files = (
			);
			runOnlyForDeploymentPostprocessing = 0;
		};
		065869CC1CBCC35800D1A6BD /* Resources */ = {
			isa = PBXResourcesBuildPhase;
			buildActionMask = 2147483647;
			files = (
			);
			runOnlyForDeploymentPostprocessing = 0;
		};
/* End PBXResourcesBuildPhase section */

/* Begin PBXSourcesBuildPhase section */
		065869AB1CBCC35800D1A6BD /* Sources */ = {
			isa = PBXSourcesBuildPhase;
			buildActionMask = 2147483647;
			files = (
				06CC003C1CBDDE8D005E6F54 /* EditViewController.swift in Sources */,
				015740DE1CBD2DF100D6473A /* AddViewController.swift in Sources */,
				015740E21CBD497D00D6473A /* TableViewController.swift in Sources */,
				015740DC1CBD28F200D6473A /* ContractsViewController.swift in Sources */,
				015740E01CBD346300D6473A /* ContactModel.swift in Sources */,
				065869B51CBCC35800D1A6BD /* ViewController.swift in Sources */,
				065869E31CBD041500D1A6BD /* MBProgressHUD.m in Sources */,
				065869B31CBCC35800D1A6BD /* AppDelegate.swift in Sources */,
			);
			runOnlyForDeploymentPostprocessing = 0;
		};
		065869BF1CBCC35800D1A6BD /* Sources */ = {
			isa = PBXSourcesBuildPhase;
			buildActionMask = 2147483647;
			files = (
				065869C81CBCC35800D1A6BD /* _6_dayTests.swift in Sources */,
			);
			runOnlyForDeploymentPostprocessing = 0;
		};
		065869CA1CBCC35800D1A6BD /* Sources */ = {
			isa = PBXSourcesBuildPhase;
			buildActionMask = 2147483647;
			files = (
				065869D31CBCC35800D1A6BD /* _6_dayUITests.swift in Sources */,
			);
			runOnlyForDeploymentPostprocessing = 0;
		};
/* End PBXSourcesBuildPhase section */

/* Begin PBXTargetDependency section */
		065869C51CBCC35800D1A6BD /* PBXTargetDependency */ = {
			isa = PBXTargetDependency;
			target = 065869AE1CBCC35800D1A6BD /* 16-day */;
			targetProxy = 065869C41CBCC35800D1A6BD /* PBXContainerItemProxy */;
		};
		065869D01CBCC35800D1A6BD /* PBXTargetDependency */ = {
			isa = PBXTargetDependency;
			target = 065869AE1CBCC35800D1A6BD /* 16-day */;
			targetProxy = 065869CF1CBCC35800D1A6BD /* PBXContainerItemProxy */;
		};
/* End PBXTargetDependency section */

/* Begin PBXVariantGroup section */
		065869B61CBCC35800D1A6BD /* Main.storyboard */ = {
			isa = PBXVariantGroup;
			children = (
				065869B71CBCC35800D1A6BD /* Base */,
			);
			name = Main.storyboard;
			sourceTree = "<group>";
		};
		065869BB1CBCC35800D1A6BD /* LaunchScreen.storyboard */ = {
			isa = PBXVariantGroup;
			children = (
				065869BC1CBCC35800D1A6BD /* Base */,
			);
			name = LaunchScreen.storyboard;
			sourceTree = "<group>";
		};
/* End PBXVariantGroup section */

/* Begin XCBuildConfiguration section */
		065869D51CBCC35800D1A6BD /* Debug */ = {
			isa = XCBuildConfiguration;
			buildSettings = {
				ALWAYS_SEARCH_USER_PATHS = NO;
				CLANG_ANALYZER_NONNULL = YES;
				CLANG_CXX_LANGUAGE_STANDARD = "gnu++0x";
				CLANG_CXX_LIBRARY = "libc++";
				CLANG_ENABLE_MODULES = YES;
				CLANG_ENABLE_OBJC_ARC = YES;
				CLANG_WARN_BOOL_CONVERSION = YES;
				CLANG_WARN_CONSTANT_CONVERSION = YES;
				CLANG_WARN_DIRECT_OBJC_ISA_USAGE = YES_ERROR;
				CLANG_WARN_EMPTY_BODY = YES;
				CLANG_WARN_ENUM_CONVERSION = YES;
				CLANG_WARN_INT_CONVERSION = YES;
				CLANG_WARN_OBJC_ROOT_CLASS = YES_ERROR;
				CLANG_WARN_UNREACHABLE_CODE = YES;
				CLANG_WARN__DUPLICATE_METHOD_MATCH = YES;
				"CODE_SIGN_IDENTITY[sdk=iphoneos*]" = "iPhone Developer";
				COPY_PHASE_STRIP = NO;
				DEBUG_INFORMATION_FORMAT = dwarf;
				ENABLE_STRICT_OBJC_MSGSEND = YES;
				ENABLE_TESTABILITY = YES;
				GCC_C_LANGUAGE_STANDARD = gnu99;
				GCC_DYNAMIC_NO_PIC = NO;
				GCC_NO_COMMON_BLOCKS = YES;
				GCC_OPTIMIZATION_LEVEL = 0;
				GCC_PREPROCESSOR_DEFINITIONS = (
					"DEBUG=1",
					"$(inherited)",
				);
				GCC_WARN_64_TO_32_BIT_CONVERSION = YES;
				GCC_WARN_ABOUT_RETURN_TYPE = YES_ERROR;
				GCC_WARN_UNDECLARED_SELECTOR = YES;
				GCC_WARN_UNINITIALIZED_AUTOS = YES_AGGRESSIVE;
				GCC_WARN_UNUSED_FUNCTION = YES;
				GCC_WARN_UNUSED_VARIABLE = YES;
				IPHONEOS_DEPLOYMENT_TARGET = 9.3;
				MTL_ENABLE_DEBUG_INFO = YES;
				ONLY_ACTIVE_ARCH = YES;
				SDKROOT = iphoneos;
				SWIFT_OPTIMIZATION_LEVEL = "-Onone";
			};
			name = Debug;
		};
		065869D61CBCC35800D1A6BD /* Release */ = {
			isa = XCBuildConfiguration;
			buildSettings = {
				ALWAYS_SEARCH_USER_PATHS = NO;
				CLANG_ANALYZER_NONNULL = YES;
				CLANG_CXX_LANGUAGE_STANDARD = "gnu++0x";
				CLANG_CXX_LIBRARY = "libc++";
				CLANG_ENABLE_MODULES = YES;
				CLANG_ENABLE_OBJC_ARC = YES;
				CLANG_WARN_BOOL_CONVERSION = YES;
				CLANG_WARN_CONSTANT_CONVERSION = YES;
				CLANG_WARN_DIRECT_OBJC_ISA_USAGE = YES_ERROR;
				CLANG_WARN_EMPTY_BODY = YES;
				CLANG_WARN_ENUM_CONVERSION = YES;
				CLANG_WARN_INT_CONVERSION = YES;
				CLANG_WARN_OBJC_ROOT_CLASS = YES_ERROR;
				CLANG_WARN_UNREACHABLE_CODE = YES;
				CLANG_WARN__DUPLICATE_METHOD_MATCH = YES;
				"CODE_SIGN_IDENTITY[sdk=iphoneos*]" = "iPhone Developer";
				COPY_PHASE_STRIP = NO;
				DEBUG_INFORMATION_FORMAT = "dwarf-with-dsym";
				ENABLE_NS_ASSERTIONS = NO;
				ENABLE_STRICT_OBJC_MSGSEND = YES;
				GCC_C_LANGUAGE_STANDARD = gnu99;
				GCC_NO_COMMON_BLOCKS = YES;
				GCC_WARN_64_TO_32_BIT_CONVERSION = YES;
				GCC_WARN_ABOUT_RETURN_TYPE = YES_ERROR;
				GCC_WARN_UNDECLARED_SELECTOR = YES;
				GCC_WARN_UNINITIALIZED_AUTOS = YES_AGGRESSIVE;
				GCC_WARN_UNUSED_FUNCTION = YES;
				GCC_WARN_UNUSED_VARIABLE = YES;
				IPHONEOS_DEPLOYMENT_TARGET = 9.3;
				MTL_ENABLE_DEBUG_INFO = NO;
				SDKROOT = iphoneos;
				VALIDATE_PRODUCT = YES;
			};
			name = Release;
		};
		065869D81CBCC35800D1A6BD /* Debug */ = {
			isa = XCBuildConfiguration;
			buildSettings = {
				ASSETCATALOG_COMPILER_APPICON_NAME = AppIcon;
				CLANG_ENABLE_MODULES = YES;
				INFOPLIST_FILE = "16-day/Info.plist";
				LD_RUNPATH_SEARCH_PATHS = "$(inherited) @executable_path/Frameworks";
				PRODUCT_BUNDLE_IDENTIFIER = "im.youyu.-6-day";
				PRODUCT_NAME = "$(TARGET_NAME)";
				SWIFT_OBJC_BRIDGING_HEADER = "16-day/16-day-Bridging-Header.h";
				SWIFT_OPTIMIZATION_LEVEL = "-Onone";
			};
			name = Debug;
		};
		065869D91CBCC35800D1A6BD /* Release */ = {
			isa = XCBuildConfiguration;
			buildSettings = {
				ASSETCATALOG_COMPILER_APPICON_NAME = AppIcon;
				CLANG_ENABLE_MODULES = YES;
				INFOPLIST_FILE = "16-day/Info.plist";
				LD_RUNPATH_SEARCH_PATHS = "$(inherited) @executable_path/Frameworks";
				PRODUCT_BUNDLE_IDENTIFIER = "im.youyu.-6-day";
				PRODUCT_NAME = "$(TARGET_NAME)";
				SWIFT_OBJC_BRIDGING_HEADER = "16-day/16-day-Bridging-Header.h";
			};
			name = Release;
		};
		065869DB1CBCC35800D1A6BD /* Debug */ = {
			isa = XCBuildConfiguration;
			buildSettings = {
				BUNDLE_LOADER = "$(TEST_HOST)";
				INFOPLIST_FILE = "16-dayTests/Info.plist";
				LD_RUNPATH_SEARCH_PATHS = "$(inherited) @executable_path/Frameworks @loader_path/Frameworks";
				PRODUCT_BUNDLE_IDENTIFIER = "im.youyu.-6-dayTests";
				PRODUCT_NAME = "$(TARGET_NAME)";
				TEST_HOST = "$(BUILT_PRODUCTS_DIR)/16-day.app/16-day";
			};
			name = Debug;
		};
		065869DC1CBCC35800D1A6BD /* Release */ = {
			isa = XCBuildConfiguration;
			buildSettings = {
				BUNDLE_LOADER = "$(TEST_HOST)";
				INFOPLIST_FILE = "16-dayTests/Info.plist";
				LD_RUNPATH_SEARCH_PATHS = "$(inherited) @executable_path/Frameworks @loader_path/Frameworks";
				PRODUCT_BUNDLE_IDENTIFIER = "im.youyu.-6-dayTests";
				PRODUCT_NAME = "$(TARGET_NAME)";
				TEST_HOST = "$(BUILT_PRODUCTS_DIR)/16-day.app/16-day";
			};
			name = Release;
		};
		065869DE1CBCC35800D1A6BD /* Debug */ = {
			isa = XCBuildConfiguration;
			buildSettings = {
				INFOPLIST_FILE = "16-dayUITests/Info.plist";
				LD_RUNPATH_SEARCH_PATHS = "$(inherited) @executable_path/Frameworks @loader_path/Frameworks";
				PRODUCT_BUNDLE_IDENTIFIER = "im.youyu.-6-dayUITests";
				PRODUCT_NAME = "$(TARGET_NAME)";
				TEST_TARGET_NAME = "16-day";
			};
			name = Debug;
		};
		065869DF1CBCC35800D1A6BD /* Release */ = {
			isa = XCBuildConfiguration;
			buildSettings = {
				INFOPLIST_FILE = "16-dayUITests/Info.plist";
				LD_RUNPATH_SEARCH_PATHS = "$(inherited) @executable_path/Frameworks @loader_path/Frameworks";
				PRODUCT_BUNDLE_IDENTIFIER = "im.youyu.-6-dayUITests";
				PRODUCT_NAME = "$(TARGET_NAME)";
				TEST_TARGET_NAME = "16-day";
			};
			name = Release;
		};
/* End XCBuildConfiguration section */

/* Begin XCConfigurationList section */
		065869AA1CBCC35800D1A6BD /* Build configuration list for PBXProject "16-day" */ = {
			isa = XCConfigurationList;
			buildConfigurations = (
				065869D51CBCC35800D1A6BD /* Debug */,
				065869D61CBCC35800D1A6BD /* Release */,
			);
			defaultConfigurationIsVisible = 0;
			defaultConfigurationName = Release;
		};
		065869D71CBCC35800D1A6BD /* Build configuration list for PBXNativeTarget "16-day" */ = {
			isa = XCConfigurationList;
			buildConfigurations = (
				065869D81CBCC35800D1A6BD /* Debug */,
				065869D91CBCC35800D1A6BD /* Release */,
			);
			defaultConfigurationIsVisible = 0;
			defaultConfigurationName = Release;
		};
		065869DA1CBCC35800D1A6BD /* Build configuration list for PBXNativeTarget "16-dayTests" */ = {
			isa = XCConfigurationList;
			buildConfigurations = (
				065869DB1CBCC35800D1A6BD /* Debug */,
				065869DC1CBCC35800D1A6BD /* Release */,
			);
			defaultConfigurationIsVisible = 0;
			defaultConfigurationName = Release;
		};
		065869DD1CBCC35800D1A6BD /* Build configuration list for PBXNativeTarget "16-dayUITests" */ = {
			isa = XCConfigurationList;
			buildConfigurations = (
				065869DE1CBCC35800D1A6BD /* Debug */,
				065869DF1CBCC35800D1A6BD /* Release */,
			);
			defaultConfigurationIsVisible = 0;
			defaultConfigurationName = Release;
		};
/* End XCConfigurationList section */
	};
	rootObject = 065869A71CBCC35800D1A6BD /* Project object */;
}
